// !$*UTF8*$!
{
	archiveVersion = 1;
	classes = {
	};
	objectVersion = 51;
	objects = {

/* Begin PBXBuildFile section */
		865E0F49261B721100CF4295 /* Updateable.swift in Sources */ = {isa = PBXBuildFile; fileRef = 865E0F48261B721100CF4295 /* Updateable.swift */; };
		865E0FB2261C795E00CF4295 /* GoogleService-Info.plist in Resources */ = {isa = PBXBuildFile; fileRef = 865E0FB1261C795E00CF4295 /* GoogleService-Info.plist */; };
		865E0FB5261DBF5C00CF4295 /* TableViewController.swift in Sources */ = {isa = PBXBuildFile; fileRef = 865E0FB4261DBF5C00CF4295 /* TableViewController.swift */; };
		868E6A682615ED7400B0175C /* AppDelegate.swift in Sources */ = {isa = PBXBuildFile; fileRef = 868E6A672615ED7400B0175C /* AppDelegate.swift */; };
		868E6A6A2615ED7400B0175C /* SceneDelegate.swift in Sources */ = {isa = PBXBuildFile; fileRef = 868E6A692615ED7400B0175C /* SceneDelegate.swift */; };
		868E6A6C2615ED7400B0175C /* ViewController.swift in Sources */ = {isa = PBXBuildFile; fileRef = 868E6A6B2615ED7400B0175C /* ViewController.swift */; };
		868E6A6F2615ED7400B0175C /* Main.storyboard in Resources */ = {isa = PBXBuildFile; fileRef = 868E6A6D2615ED7400B0175C /* Main.storyboard */; };
		868E6A712615ED8100B0175C /* Assets.xcassets in Resources */ = {isa = PBXBuildFile; fileRef = 868E6A702615ED8100B0175C /* Assets.xcassets */; };
		868E6A742615ED8100B0175C /* LaunchScreen.storyboard in Resources */ = {isa = PBXBuildFile; fileRef = 868E6A722615ED8100B0175C /* LaunchScreen.storyboard */; };
		868E6A7D2615EF1500B0175C /* RegControllerViewController.swift in Sources */ = {isa = PBXBuildFile; fileRef = 868E6A7C2615EF1500B0175C /* RegControllerViewController.swift */; };
		868E6A812615F19B00B0175C /* Workout.swift in Sources */ = {isa = PBXBuildFile; fileRef = 868E6A802615F19B00B0175C /* Workout.swift */; };
		868E6A842615F1BC00B0175C /* FirebaseService.swift in Sources */ = {isa = PBXBuildFile; fileRef = 868E6A832615F1BC00B0175C /* FirebaseService.swift */; };
		B754741467835295AD0FB25A /* Pods_FitnessApp.framework in Frameworks */ = {isa = PBXBuildFile; fileRef = AD628272BF9CC8AD840DAC4D /* Pods_FitnessApp.framework */; };
/* End PBXBuildFile section */

/* Begin PBXFileReference section */
		4B0E58EA4F5FE369E2BAE83B /* Pods-FitnessApp.release.xcconfig */ = {isa = PBXFileReference; includeInIndex = 1; lastKnownFileType = text.xcconfig; name = "Pods-FitnessApp.release.xcconfig"; path = "Target Support Files/Pods-FitnessApp/Pods-FitnessApp.release.xcconfig"; sourceTree = "<group>"; };
		865E0F48261B721100CF4295 /* Updateable.swift */ = {isa = PBXFileReference; lastKnownFileType = sourcecode.swift; path = Updateable.swift; sourceTree = "<group>"; };
		865E0FB1261C795E00CF4295 /* GoogleService-Info.plist */ = {isa = PBXFileReference; fileEncoding = 4; lastKnownFileType = text.plist.xml; path = "GoogleService-Info.plist"; sourceTree = "<group>"; };
		865E0FB4261DBF5C00CF4295 /* TableViewController.swift */ = {isa = PBXFileReference; lastKnownFileType = sourcecode.swift; path = TableViewController.swift; sourceTree = "<group>"; };
		868E6A642615ED7400B0175C /* FitnessApp.app */ = {isa = PBXFileReference; explicitFileType = wrapper.application; includeInIndex = 0; path = FitnessApp.app; sourceTree = BUILT_PRODUCTS_DIR; };
		868E6A672615ED7400B0175C /* AppDelegate.swift */ = {isa = PBXFileReference; lastKnownFileType = sourcecode.swift; path = AppDelegate.swift; sourceTree = "<group>"; };
		868E6A692615ED7400B0175C /* SceneDelegate.swift */ = {isa = PBXFileReference; lastKnownFileType = sourcecode.swift; path = SceneDelegate.swift; sourceTree = "<group>"; };
		868E6A6B2615ED7400B0175C /* ViewController.swift */ = {isa = PBXFileReference; lastKnownFileType = sourcecode.swift; path = ViewController.swift; sourceTree = "<group>"; };
		868E6A6E2615ED7400B0175C /* Base */ = {isa = PBXFileReference; lastKnownFileType = file.storyboard; name = Base; path = Base.lproj/Main.storyboard; sourceTree = "<group>"; };
		868E6A702615ED8100B0175C /* Assets.xcassets */ = {isa = PBXFileReference; lastKnownFileType = folder.assetcatalog; path = Assets.xcassets; sourceTree = "<group>"; };
		868E6A732615ED8100B0175C /* Base */ = {isa = PBXFileReference; lastKnownFileType = file.storyboard; name = Base; path = Base.lproj/LaunchScreen.storyboard; sourceTree = "<group>"; };
		868E6A752615ED8100B0175C /* Info.plist */ = {isa = PBXFileReference; lastKnownFileType = text.plist.xml; path = Info.plist; sourceTree = "<group>"; };
		868E6A7C2615EF1500B0175C /* RegControllerViewController.swift */ = {isa = PBXFileReference; lastKnownFileType = sourcecode.swift; path = RegControllerViewController.swift; sourceTree = "<group>"; };
		868E6A802615F19B00B0175C /* Workout.swift */ = {isa = PBXFileReference; lastKnownFileType = sourcecode.swift; path = Workout.swift; sourceTree = "<group>"; };
		868E6A832615F1BC00B0175C /* FirebaseService.swift */ = {isa = PBXFileReference; lastKnownFileType = sourcecode.swift; path = FirebaseService.swift; sourceTree = "<group>"; };
		AD628272BF9CC8AD840DAC4D /* Pods_FitnessApp.framework */ = {isa = PBXFileReference; explicitFileType = wrapper.framework; includeInIndex = 0; path = Pods_FitnessApp.framework; sourceTree = BUILT_PRODUCTS_DIR; };
		F596133A3855AADF39CAE179 /* Pods-FitnessApp.debug.xcconfig */ = {isa = PBXFileReference; includeInIndex = 1; lastKnownFileType = text.xcconfig; name = "Pods-FitnessApp.debug.xcconfig"; path = "Target Support Files/Pods-FitnessApp/Pods-FitnessApp.debug.xcconfig"; sourceTree = "<group>"; };
/* End PBXFileReference section */

/* Begin PBXFrameworksBuildPhase section */
		868E6A612615ED7400B0175C /* Frameworks */ = {
			isa = PBXFrameworksBuildPhase;
			buildActionMask = 2147483647;
			files = (
				B754741467835295AD0FB25A /* Pods_FitnessApp.framework in Frameworks */,
			);
			runOnlyForDeploymentPostprocessing = 0;
		};
/* End PBXFrameworksBuildPhase section */

/* Begin PBXGroup section */
		868E6A5B2615ED7400B0175C = {
			isa = PBXGroup;
			children = (
				868E6A662615ED7400B0175C /* FitnessApp */,
				868E6A652615ED7400B0175C /* Products */,
				F04659E24561BF207FE2BE4F /* Pods */,
				8DE5A5097CEB121A38C338EC /* Frameworks */,
			);
			sourceTree = "<group>";
		};
		868E6A652615ED7400B0175C /* Products */ = {
			isa = PBXGroup;
			children = (
				868E6A642615ED7400B0175C /* FitnessApp.app */,
			);
			name = Products;
			sourceTree = "<group>";
		};
		868E6A662615ED7400B0175C /* FitnessApp */ = {
			isa = PBXGroup;
			children = (
				868E6A832615F1BC00B0175C /* FirebaseService.swift */,
				868E6A672615ED7400B0175C /* AppDelegate.swift */,
				868E6A692615ED7400B0175C /* SceneDelegate.swift */,
				868E6A6B2615ED7400B0175C /* ViewController.swift */,
				868E6A7C2615EF1500B0175C /* RegControllerViewController.swift */,
				868E6A802615F19B00B0175C /* Workout.swift */,
				868E6A6D2615ED7400B0175C /* Main.storyboard */,
				868E6A702615ED8100B0175C /* Assets.xcassets */,
				868E6A722615ED8100B0175C /* LaunchScreen.storyboard */,
				868E6A752615ED8100B0175C /* Info.plist */,
				865E0FB1261C795E00CF4295 /* GoogleService-Info.plist */,
				865E0F48261B721100CF4295 /* Updateable.swift */,
				865E0FB4261DBF5C00CF4295 /* TableViewController.swift */,
			);
			path = FitnessApp;
			sourceTree = "<group>";
		};
		8DE5A5097CEB121A38C338EC /* Frameworks */ = {
			isa = PBXGroup;
			children = (
				AD628272BF9CC8AD840DAC4D /* Pods_FitnessApp.framework */,
			);
			name = Frameworks;
			sourceTree = "<group>";
		};
		F04659E24561BF207FE2BE4F /* Pods */ = {
			isa = PBXGroup;
			children = (
				F596133A3855AADF39CAE179 /* Pods-FitnessApp.debug.xcconfig */,
				4B0E58EA4F5FE369E2BAE83B /* Pods-FitnessApp.release.xcconfig */,
			);
			path = Pods;
			sourceTree = "<group>";
		};
/* End PBXGroup section */

/* Begin PBXNativeTarget section */
		868E6A632615ED7400B0175C /* FitnessApp */ = {
			isa = PBXNativeTarget;
			buildConfigurationList = 868E6A782615ED8100B0175C /* Build configuration list for PBXNativeTarget "FitnessApp" */;
			buildPhases = (
				8DFA6D31826C5AA872B6491F /* [CP] Check Pods Manifest.lock */,
				868E6A602615ED7400B0175C /* Sources */,
				868E6A612615ED7400B0175C /* Frameworks */,
				868E6A622615ED7400B0175C /* Resources */,
				3ADFE4C6E56133291C2A7007 /* [CP] Embed Pods Frameworks */,
			);
			buildRules = (
			);
			dependencies = (
			);
			name = FitnessApp;
			productName = FitnessApp;
			productReference = 868E6A642615ED7400B0175C /* FitnessApp.app */;
			productType = "com.apple.product-type.application";
		};
/* End PBXNativeTarget section */

/* Begin PBXProject section */
		868E6A5C2615ED7400B0175C /* Project object */ = {
			isa = PBXProject;
			attributes = {
				LastSwiftUpdateCheck = 1240;
				LastUpgradeCheck = 1240;
				TargetAttributes = {
					868E6A632615ED7400B0175C = {
						CreatedOnToolsVersion = 12.4;
					};
				};
			};
			buildConfigurationList = 868E6A5F2615ED7400B0175C /* Build configuration list for PBXProject "FitnessApp" */;
			compatibilityVersion = "Xcode 9.3";
			developmentRegion = en;
			hasScannedForEncodings = 0;
			knownRegions = (
				en,
				Base,
			);
			mainGroup = 868E6A5B2615ED7400B0175C;
			productRefGroup = 868E6A652615ED7400B0175C /* Products */;
			projectDirPath = "";
			projectRoot = "";
			targets = (
				868E6A632615ED7400B0175C /* FitnessApp */,
			);
		};
/* End PBXProject section */

/* Begin PBXResourcesBuildPhase section */
		868E6A622615ED7400B0175C /* Resources */ = {
			isa = PBXResourcesBuildPhase;
			buildActionMask = 2147483647;
			files = (
				868E6A742615ED8100B0175C /* LaunchScreen.storyboard in Resources */,
				865E0FB2261C795E00CF4295 /* GoogleService-Info.plist in Resources */,
				868E6A712615ED8100B0175C /* Assets.xcassets in Resources */,
				868E6A6F2615ED7400B0175C /* Main.storyboard in Resources */,
			);
			runOnlyForDeploymentPostprocessing = 0;
		};
/* End PBXResourcesBuildPhase section */

/* Begin PBXShellScriptBuildPhase section */
		3ADFE4C6E56133291C2A7007 /* [CP] Embed Pods Frameworks */ = {
			isa = PBXShellScriptBuildPhase;
			buildActionMask = 2147483647;
			files = (
			);
			inputFileListPaths = (
				"${PODS_ROOT}/Target Support Files/Pods-FitnessApp/Pods-FitnessApp-frameworks-${CONFIGURATION}-input-files.xcfilelist",
			);
			name = "[CP] Embed Pods Frameworks";
			outputFileListPaths = (
				"${PODS_ROOT}/Target Support Files/Pods-FitnessApp/Pods-FitnessApp-frameworks-${CONFIGURATION}-output-files.xcfilelist",
			);
			runOnlyForDeploymentPostprocessing = 0;
			shellPath = /bin/sh;
			shellScript = "\"${PODS_ROOT}/Target Support Files/Pods-FitnessApp/Pods-FitnessApp-frameworks.sh\"\n";
			showEnvVarsInLog = 0;
		};
		8DFA6D31826C5AA872B6491F /* [CP] Check Pods Manifest.lock */ = {
			isa = PBXShellScriptBuildPhase;
			buildActionMask = 2147483647;
			files = (
			);
			inputFileListPaths = (
			);
			inputPaths = (
				"${PODS_PODFILE_DIR_PATH}/Podfile.lock",
				"${PODS_ROOT}/Manifest.lock",
			);
			name = "[CP] Check Pods Manifest.lock";
			outputFileListPaths = (
			);
			outputPaths = (
				"$(DERIVED_FILE_DIR)/Pods-FitnessApp-checkManifestLockResult.txt",
			);
			runOnlyForDeploymentPostprocessing = 0;
			shellPath = /bin/sh;
			shellScript = "diff \"${PODS_PODFILE_DIR_PATH}/Podfile.lock\" \"${PODS_ROOT}/Manifest.lock\" > /dev/null\nif [ $? != 0 ] ; then\n    # print error to STDERR\n    echo \"error: The sandbox is not in sync with the Podfile.lock. Run 'pod install' or update your CocoaPods installation.\" >&2\n    exit 1\nfi\n# This output is used by Xcode 'outputs' to avoid re-running this script phase.\necho \"SUCCESS\" > \"${SCRIPT_OUTPUT_FILE_0}\"\n";
			showEnvVarsInLog = 0;
		};
/* End PBXShellScriptBuildPhase section */

/* Begin PBXSourcesBuildPhase section */
		868E6A602615ED7400B0175C /* Sources */ = {
			isa = PBXSourcesBuildPhase;
			buildActionMask = 2147483647;
			files = (
				865E0F49261B721100CF4295 /* Updateable.swift in Sources */,
				868E6A812615F19B00B0175C /* Workout.swift in Sources */,
				868E6A6C2615ED7400B0175C /* ViewController.swift in Sources */,
				865E0FB5261DBF5C00CF4295 /* TableViewController.swift in Sources */,
				868E6A682615ED7400B0175C /* AppDelegate.swift in Sources */,
				868E6A6A2615ED7400B0175C /* SceneDelegate.swift in Sources */,
				868E6A842615F1BC00B0175C /* FirebaseService.swift in Sources */,
				868E6A7D2615EF1500B0175C /* RegControllerViewController.swift in Sources */,
			);
			runOnlyForDeploymentPostprocessing = 0;
		};
/* End PBXSourcesBuildPhase section */

/* Begin PBXVariantGroup section */
		868E6A6D2615ED7400B0175C /* Main.storyboard */ = {
			isa = PBXVariantGroup;
			children = (
				868E6A6E2615ED7400B0175C /* Base */,
			);
			name = Main.storyboard;
			sourceTree = "<group>";
		};
		868E6A722615ED8100B0175C /* LaunchScreen.storyboard */ = {
			isa = PBXVariantGroup;
			children = (
				868E6A732615ED8100B0175C /* Base */,
			);
			name = LaunchScreen.storyboard;
			sourceTree = "<group>";
		};
/* End PBXVariantGroup section */

/* Begin XCBuildConfiguration section */
		868E6A762615ED8100B0175C /* Debug */ = {
			isa = XCBuildConfiguration;
			buildSettings = {
				ALWAYS_SEARCH_USER_PATHS = NO;
				CLANG_ANALYZER_NONNULL = YES;
				CLANG_ANALYZER_NUMBER_OBJECT_CONVERSION = YES_AGGRESSIVE;
				CLANG_CXX_LANGUAGE_STANDARD = "gnu++14";
				CLANG_CXX_LIBRARY = "libc++";
				CLANG_ENABLE_MODULES = YES;
				CLANG_ENABLE_OBJC_ARC = YES;
				CLANG_ENABLE_OBJC_WEAK = YES;
				CLANG_WARN_BLOCK_CAPTURE_AUTORELEASING = YES;
				CLANG_WARN_BOOL_CONVERSION = YES;
				CLANG_WARN_COMMA = YES;
				CLANG_WARN_CONSTANT_CONVERSION = YES;
				CLANG_WARN_DEPRECATED_OBJC_IMPLEMENTATIONS = YES;
				CLANG_WARN_DIRECT_OBJC_ISA_USAGE = YES_ERROR;
				CLANG_WARN_DOCUMENTATION_COMMENTS = YES;
				CLANG_WARN_EMPTY_BODY = YES;
				CLANG_WARN_ENUM_CONVERSION = YES;
				CLANG_WARN_INFINITE_RECURSION = YES;
				CLANG_WARN_INT_CONVERSION = YES;
				CLANG_WARN_NON_LITERAL_NULL_CONVERSION = YES;
				CLANG_WARN_OBJC_IMPLICIT_RETAIN_SELF = YES;
				CLANG_WARN_OBJC_LITERAL_CONVERSION = YES;
				CLANG_WARN_OBJC_ROOT_CLASS = YES_ERROR;
				CLANG_WARN_QUOTED_INCLUDE_IN_FRAMEWORK_HEADER = YES;
				CLANG_WARN_RANGE_LOOP_ANALYSIS = YES;
				CLANG_WARN_STRICT_PROTOTYPES = YES;
				CLANG_WARN_SUSPICIOUS_MOVE = YES;
				CLANG_WARN_UNGUARDED_AVAILABILITY = YES_AGGRESSIVE;
				CLANG_WARN_UNREACHABLE_CODE = YES;
				CLANG_WARN__DUPLICATE_METHOD_MATCH = YES;
				COPY_PHASE_STRIP = NO;
				DEBUG_INFORMATION_FORMAT = dwarf;
				ENABLE_STRICT_OBJC_MSGSEND = YES;
				ENABLE_TESTABILITY = YES;
				GCC_C_LANGUAGE_STANDARD = gnu11;
				GCC_DYNAMIC_NO_PIC = NO;
				GCC_NO_COMMON_BLOCKS = YES;
				GCC_OPTIMIZATION_LEVEL = 0;
				GCC_PREPROCESSOR_DEFINITIONS = (
					"DEBUG=1",
					"$(inherited)",
				);
				GCC_WARN_64_TO_32_BIT_CONVERSION = YES;
				GCC_WARN_ABOUT_RETURN_TYPE = YES_ERROR;
				GCC_WARN_UNDECLARED_SELECTOR = YES;
				GCC_WARN_UNINITIALIZED_AUTOS = YES_AGGRESSIVE;
				GCC_WARN_UNUSED_FUNCTION = YES;
				GCC_WARN_UNUSED_VARIABLE = YES;
				IPHONEOS_DEPLOYMENT_TARGET = 14.4;
				MTL_ENABLE_DEBUG_INFO = INCLUDE_SOURCE;
				MTL_FAST_MATH = YES;
				ONLY_ACTIVE_ARCH = YES;
				SDKROOT = iphoneos;
				SWIFT_ACTIVE_COMPILATION_CONDITIONS = DEBUG;
				SWIFT_OPTIMIZATION_LEVEL = "-Onone";
			};
			name = Debug;
		};
		868E6A772615ED8100B0175C /* Release */ = {
			isa = XCBuildConfiguration;
			buildSettings = {
				ALWAYS_SEARCH_USER_PATHS = NO;
				CLANG_ANALYZER_NONNULL = YES;
				CLANG_ANALYZER_NUMBER_OBJECT_CONVERSION = YES_AGGRESSIVE;
				CLANG_CXX_LANGUAGE_STANDARD = "gnu++14";
				CLANG_CXX_LIBRARY = "libc++";
				CLANG_ENABLE_MODULES = YES;
				CLANG_ENABLE_OBJC_ARC = YES;
				CLANG_ENABLE_OBJC_WEAK = YES;
				CLANG_WARN_BLOCK_CAPTURE_AUTORELEASING = YES;
				CLANG_WARN_BOOL_CONVERSION = YES;
				CLANG_WARN_COMMA = YES;
				CLANG_WARN_CONSTANT_CONVERSION = YES;
				CLANG_WARN_DEPRECATED_OBJC_IMPLEMENTATIONS = YES;
				CLANG_WARN_DIRECT_OBJC_ISA_USAGE = YES_ERROR;
				CLANG_WARN_DOCUMENTATION_COMMENTS = YES;
				CLANG_WARN_EMPTY_BODY = YES;
				CLANG_WARN_ENUM_CONVERSION = YES;
				CLANG_WARN_INFINITE_RECURSION = YES;
				CLANG_WARN_INT_CONVERSION = YES;
				CLANG_WARN_NON_LITERAL_NULL_CONVERSION = YES;
				CLANG_WARN_OBJC_IMPLICIT_RETAIN_SELF = YES;
				CLANG_WARN_OBJC_LITERAL_CONVERSION = YES;
				CLANG_WARN_OBJC_ROOT_CLASS = YES_ERROR;
				CLANG_WARN_QUOTED_INCLUDE_IN_FRAMEWORK_HEADER = YES;
				CLANG_WARN_RANGE_LOOP_ANALYSIS = YES;
				CLANG_WARN_STRICT_PROTOTYPES = YES;
				CLANG_WARN_SUSPICIOUS_MOVE = YES;
				CLANG_WARN_UNGUARDED_AVAILABILITY = YES_AGGRESSIVE;
				CLANG_WARN_UNREACHABLE_CODE = YES;
				CLANG_WARN__DUPLICATE_METHOD_MATCH = YES;
				COPY_PHASE_STRIP = NO;
				DEBUG_INFORMATION_FORMAT = "dwarf-with-dsym";
				ENABLE_NS_ASSERTIONS = NO;
				ENABLE_STRICT_OBJC_MSGSEND = YES;
				GCC_C_LANGUAGE_STANDARD = gnu11;
				GCC_NO_COMMON_BLOCKS = YES;
				GCC_WARN_64_TO_32_BIT_CONVERSION = YES;
				GCC_WARN_ABOUT_RETURN_TYPE = YES_ERROR;
				GCC_WARN_UNDECLARED_SELECTOR = YES;
				GCC_WARN_UNINITIALIZED_AUTOS = YES_AGGRESSIVE;
				GCC_WARN_UNUSED_FUNCTION = YES;
				GCC_WARN_UNUSED_VARIABLE = YES;
				IPHONEOS_DEPLOYMENT_TARGET = 14.4;
				MTL_ENABLE_DEBUG_INFO = NO;
				MTL_FAST_MATH = YES;
				SDKROOT = iphoneos;
				SWIFT_COMPILATION_MODE = wholemodule;
				SWIFT_OPTIMIZATION_LEVEL = "-O";
				VALIDATE_PRODUCT = YES;
			};
			name = Release;
		};
		868E6A792615ED8100B0175C /* Debug */ = {
			isa = XCBuildConfiguration;
			baseConfigurationReference = F596133A3855AADF39CAE179 /* Pods-FitnessApp.debug.xcconfig */;
			buildSettings = {
				ASSETCATALOG_COMPILER_APPICON_NAME = AppIcon;
				ASSETCATALOG_COMPILER_GLOBAL_ACCENT_COLOR_NAME = AccentColor;
				CODE_SIGN_STYLE = Automatic;
				DEVELOPMENT_TEAM = K36RANLM4G;
				INFOPLIST_FILE = FitnessApp/Info.plist;
				LD_RUNPATH_SEARCH_PATHS = (
					"$(inherited)",
					"@executable_path/Frameworks",
				);
				PRODUCT_BUNDLE_IDENTIFIER = dk.TheaKampmann.FitnessApp;
				PRODUCT_NAME = "$(TARGET_NAME)";
				SWIFT_VERSION = 5.0;
				TARGETED_DEVICE_FAMILY = "1,2";
			};
			name = Debug;
		};
		868E6A7A2615ED8100B0175C /* Release */ = {
			isa = XCBuildConfiguration;
			baseConfigurationReference = 4B0E58EA4F5FE369E2BAE83B /* Pods-FitnessApp.release.xcconfig */;
			buildSettings = {
				ASSETCATALOG_COMPILER_APPICON_NAME = AppIcon;
				ASSETCATALOG_COMPILER_GLOBAL_ACCENT_COLOR_NAME = AccentColor;
				CODE_SIGN_STYLE = Automatic;
				DEVELOPMENT_TEAM = K36RANLM4G;
				INFOPLIST_FILE = FitnessApp/Info.plist;
				LD_RUNPATH_SEARCH_PATHS = (
					"$(inherited)",
					"@executable_path/Frameworks",
				);
				PRODUCT_BUNDLE_IDENTIFIER = dk.TheaKampmann.FitnessApp;
				PRODUCT_NAME = "$(TARGET_NAME)";
				SWIFT_VERSION = 5.0;
				TARGETED_DEVICE_FAMILY = "1,2";
			};
			name = Release;
		};
/* End XCBuildConfiguration section */

/* Begin XCConfigurationList section */
		868E6A5F2615ED7400B0175C /* Build configuration list for PBXProject "FitnessApp" */ = {
			isa = XCConfigurationList;
			buildConfigurations = (
				868E6A762615ED8100B0175C /* Debug */,
				868E6A772615ED8100B0175C /* Release */,
			);
			defaultConfigurationIsVisible = 0;
			defaultConfigurationName = Release;
		};
		868E6A782615ED8100B0175C /* Build configuration list for PBXNativeTarget "FitnessApp" */ = {
			isa = XCConfigurationList;
			buildConfigurations = (
				868E6A792615ED8100B0175C /* Debug */,
				868E6A7A2615ED8100B0175C /* Release */,
			);
			defaultConfigurationIsVisible = 0;
			defaultConfigurationName = Release;
		};
/* End XCConfigurationList section */
	};
	rootObject = 868E6A5C2615ED7400B0175C /* Project object */;
}
